
Microsoft Visual Studio Solution File, Format Version 12.00
# Visual Studio 15
VisualStudioVersion = 15.0.26430.6
MinimumVisualStudioVersion = 10.0.40219.1
Project("{FAE04EC0-301F-11D3-BF4B-00C04F79EFBC}") = "NinjectWebApiDemo.Repo", "NinjectWebApiDemo.Repo\NinjectWebApiDemo.Repo.csproj", "{83B56103-1E00-4C27-99E7-716357E597C1}"
EndProject
Project("{FAE04EC0-301F-11D3-BF4B-00C04F79EFBC}") = "NinjectWebApiDemo.Web", "NinjectWebApiDemo.Web\NinjectWebApiDemo.Web.csproj", "{84745A01-F9B9-45FC-8941-6C37F7A3F292}"
EndProject
Global
	GlobalSection(SolutionConfigurationPlatforms) = preSolution
		Debug|Any CPU = Debug|Any CPU
		Release|Any CPU = Release|Any CPU
	EndGlobalSection
	GlobalSection(ProjectConfigurationPlatforms) = postSolution
		{83B56103-1E00-4C27-99E7-716357E597C1}.Debug|Any CPU.ActiveCfg = Debug|Any CPU
		{83B56103-1E00-4C27-99E7-716357E597C1}.Debug|Any CPU.Build.0 = Debug|Any CPU
		{83B56103-1E00-4C27-99E7-716357E597C1}.Release|Any CPU.ActiveCfg = Release|Any CPU
		{83B56103-1E00-4C27-99E7-716357E597C1}.Release|Any CPU.Build.0 = Release|Any CPU
		{84745A01-F9B9-45FC-8941-6C37F7A3F292}.Debug|Any CPU.ActiveCfg = Debug|Any CPU
		{84745A01-F9B9-45FC-8941-6C37F7A3F292}.Debug|Any CPU.Build.0 = Debug|Any CPU
		{84745A01-F9B9-45FC-8941-6C37F7A3F292}.Release|Any CPU.ActiveCfg = Release|Any CPU
		{84745A01-F9B9-45FC-8941-6C37F7A3F292}.Release|Any CPU.Build.0 = Release|Any CPU
	EndGlobalSection
	GlobalSection(SolutionProperties) = preSolution
		HideSolutionNode = FALSE
	EndGlobalSection
EndGlobal
